
Microsoft Visual Studio Solution File, Format Version 12.00
# Visual Studio Version 16
VisualStudioVersion = 16.0.31624.102
MinimumVisualStudioVersion = 10.0.40219.1
Project("{FAE04EC0-301F-11D3-BF4B-00C04F79EFBC}") = "CloudComputingPT", "CloudComputingPT.csproj", "{9BE37502-DEA5-4979-A679-8B41F69F317E}"
EndProject
Global
	GlobalSection(SolutionConfigurationPlatforms) = preSolution
		Debug|Any CPU = Debug|Any CPU
		Release|Any CPU = Release|Any CPU
	EndGlobalSection
	GlobalSection(ProjectConfigurationPlatforms) = postSolution
		{9BE37502-DEA5-4979-A679-8B41F69F317E}.Debug|Any CPU.ActiveCfg = Debug|Any CPU
		{9BE37502-DEA5-4979-A679-8B41F69F317E}.Debug|Any CPU.Build.0 = Debug|Any CPU
		{9BE37502-DEA5-4979-A679-8B41F69F317E}.Release|Any CPU.ActiveCfg = Release|Any CPU
		{9BE37502-DEA5-4979-A679-8B41F69F317E}.Release|Any CPU.Build.0 = Release|Any CPU
	EndGlobalSection
	GlobalSection(SolutionProperties) = preSolution
		HideSolutionNode = FALSE
	EndGlobalSection
	GlobalSection(ExtensibilityGlobals) = postSolution
		SolutionGuid = {28625894-F1E3-441C-BB80-61F766C5653C}
	EndGlobalSection
EndGlobal
